<Solution>
  <Project Path="FCG.Plataform.Bdd/FCG.Plataform.Bdd.csproj" Id="6a22bc32-46fe-4023-8c5e-4ed50f43a50f" DisplayName="FCG.Plataform.BDD" />
  <Project Path="FCG.Platform.Application/FCG.Platform.Application.csproj" />
  <Project Path="FCG.Platform.Domain/FCG.Platform.Domain.csproj" />
  <Project Path="FCG.Platform.Infrastracture/FCG.Platform.Infrastracture.csproj" />
  <Project Path="FCG.Platform.Shared/FCG.Platform.Shared.csproj" />
  <Project Path="FCG.Platform.Test/FCG.Platform.Test.csproj" />
  <Project Path="FCG.Platform/FCG.Platform.csproj" />
</Solution>
